
Microsoft Visual Studio Solution File, Format Version 12.00
# Visual Studio 15
VisualStudioVersion = 15.0.27130.2010
MinimumVisualStudioVersion = 10.0.40219.1
Project("{FAE04EC0-301F-11D3-BF4B-00C04F79EFBC}") = "ClassLibrary", "ClassLibrary\ClassLibrary.csproj", "{D14D06DD-17A1-45F3-8913-EA7ACC1AF736}"
EndProject
Project("{FAE04EC0-301F-11D3-BF4B-00C04F79EFBC}") = "EvolveTrainFront", "EvolveTrainFront\EvolveTrainFront.csproj", "{8829D703-649C-4B41-9B2D-284C71DA97F1}"
EndProject
Project("{FAE04EC0-301F-11D3-BF4B-00C04F79EFBC}") = "EvolveTrainBack", "EvolveTrainBack\EvolveTrainBack.csproj", "{32DCAE94-D1F7-46FD-8A81-0521191EF027}"
EndProject
Global
	GlobalSection(SolutionConfigurationPlatforms) = preSolution
		Debug|Any CPU = Debug|Any CPU
		Release|Any CPU = Release|Any CPU
	EndGlobalSection
	GlobalSection(ProjectConfigurationPlatforms) = postSolution
		{D14D06DD-17A1-45F3-8913-EA7ACC1AF736}.Debug|Any CPU.ActiveCfg = Debug|Any CPU
		{D14D06DD-17A1-45F3-8913-EA7ACC1AF736}.Debug|Any CPU.Build.0 = Debug|Any CPU
		{D14D06DD-17A1-45F3-8913-EA7ACC1AF736}.Release|Any CPU.ActiveCfg = Release|Any CPU
		{D14D06DD-17A1-45F3-8913-EA7ACC1AF736}.Release|Any CPU.Build.0 = Release|Any CPU
		{8829D703-649C-4B41-9B2D-284C71DA97F1}.Debug|Any CPU.ActiveCfg = Debug|Any CPU
		{8829D703-649C-4B41-9B2D-284C71DA97F1}.Debug|Any CPU.Build.0 = Debug|Any CPU
		{8829D703-649C-4B41-9B2D-284C71DA97F1}.Release|Any CPU.ActiveCfg = Release|Any CPU
		{8829D703-649C-4B41-9B2D-284C71DA97F1}.Release|Any CPU.Build.0 = Release|Any CPU
		{32DCAE94-D1F7-46FD-8A81-0521191EF027}.Debug|Any CPU.ActiveCfg = Debug|Any CPU
		{32DCAE94-D1F7-46FD-8A81-0521191EF027}.Debug|Any CPU.Build.0 = Debug|Any CPU
		{32DCAE94-D1F7-46FD-8A81-0521191EF027}.Release|Any CPU.ActiveCfg = Release|Any CPU
		{32DCAE94-D1F7-46FD-8A81-0521191EF027}.Release|Any CPU.Build.0 = Release|Any CPU
	EndGlobalSection
	GlobalSection(SolutionProperties) = preSolution
		HideSolutionNode = FALSE
	EndGlobalSection
	GlobalSection(ExtensibilityGlobals) = postSolution
		SolutionGuid = {1D8450EB-DDF7-4EEF-AC70-35FAF391321A}
	EndGlobalSection
EndGlobal
